
Microsoft Visual Studio Solution File, Format Version 12.00
# Visual Studio Version 17
VisualStudioVersion = 17.5.33516.290
MinimumVisualStudioVersion = 10.0.40219.1
Project("{888888A0-9F3D-457C-B088-3A5042F75D52}") = "until 100 years old", "until 100 years old.pyproj", "{9A487625-218A-4A14-B5F4-D140E2B61F82}"
EndProject
Global
	GlobalSection(SolutionConfigurationPlatforms) = preSolution
		Debug|Any CPU = Debug|Any CPU
		Release|Any CPU = Release|Any CPU
	EndGlobalSection
	GlobalSection(ProjectConfigurationPlatforms) = postSolution
		{9A487625-218A-4A14-B5F4-D140E2B61F82}.Debug|Any CPU.ActiveCfg = Debug|Any CPU
		{9A487625-218A-4A14-B5F4-D140E2B61F82}.Release|Any CPU.ActiveCfg = Release|Any CPU
	EndGlobalSection
	GlobalSection(SolutionProperties) = preSolution
		HideSolutionNode = FALSE
	EndGlobalSection
	GlobalSection(ExtensibilityGlobals) = postSolution
		SolutionGuid = {2380E439-9CB2-4BF9-8E36-EFC9BA860687}
	EndGlobalSection
EndGlobal
